
Microsoft Visual Studio Solution File, Format Version 12.00
# Visual Studio Version 17
VisualStudioVersion = 17.11.35312.102
MinimumVisualStudioVersion = 10.0.40219.1
Project("{FAE04EC0-301F-11D3-BF4B-00C04F79EFBC}") = "ClientConvertisseurV1", "ClientConvertisseurV1\ClientConvertisseurV1.csproj", "{CFE59F3C-860B-4307-9311-79B0E7687260}"
EndProject
Global
	GlobalSection(SolutionConfigurationPlatforms) = preSolution
		Debug|ARM64 = Debug|ARM64
		Debug|x64 = Debug|x64
		Debug|x86 = Debug|x86
		Release|ARM64 = Release|ARM64
		Release|x64 = Release|x64
		Release|x86 = Release|x86
	EndGlobalSection
	GlobalSection(ProjectConfigurationPlatforms) = postSolution
		{CFE59F3C-860B-4307-9311-79B0E7687260}.Debug|ARM64.ActiveCfg = Debug|ARM64
		{CFE59F3C-860B-4307-9311-79B0E7687260}.Debug|ARM64.Build.0 = Debug|ARM64
		{CFE59F3C-860B-4307-9311-79B0E7687260}.Debug|ARM64.Deploy.0 = Debug|ARM64
		{CFE59F3C-860B-4307-9311-79B0E7687260}.Debug|x64.ActiveCfg = Debug|x64
		{CFE59F3C-860B-4307-9311-79B0E7687260}.Debug|x64.Build.0 = Debug|x64
		{CFE59F3C-860B-4307-9311-79B0E7687260}.Debug|x64.Deploy.0 = Debug|x64
		{CFE59F3C-860B-4307-9311-79B0E7687260}.Debug|x86.ActiveCfg = Debug|x86
		{CFE59F3C-860B-4307-9311-79B0E7687260}.Debug|x86.Build.0 = Debug|x86
		{CFE59F3C-860B-4307-9311-79B0E7687260}.Debug|x86.Deploy.0 = Debug|x86
		{CFE59F3C-860B-4307-9311-79B0E7687260}.Release|ARM64.ActiveCfg = Release|ARM64
		{CFE59F3C-860B-4307-9311-79B0E7687260}.Release|ARM64.Build.0 = Release|ARM64
		{CFE59F3C-860B-4307-9311-79B0E7687260}.Release|ARM64.Deploy.0 = Release|ARM64
		{CFE59F3C-860B-4307-9311-79B0E7687260}.Release|x64.ActiveCfg = Release|x64
		{CFE59F3C-860B-4307-9311-79B0E7687260}.Release|x64.Build.0 = Release|x64
		{CFE59F3C-860B-4307-9311-79B0E7687260}.Release|x64.Deploy.0 = Release|x64
		{CFE59F3C-860B-4307-9311-79B0E7687260}.Release|x86.ActiveCfg = Release|x86
		{CFE59F3C-860B-4307-9311-79B0E7687260}.Release|x86.Build.0 = Release|x86
		{CFE59F3C-860B-4307-9311-79B0E7687260}.Release|x86.Deploy.0 = Release|x86
	EndGlobalSection
	GlobalSection(SolutionProperties) = preSolution
		HideSolutionNode = FALSE
	EndGlobalSection
	GlobalSection(ExtensibilityGlobals) = postSolution
		SolutionGuid = {B6B6CA5A-34AA-4117-A354-5ACE538D48CA}
	EndGlobalSection
EndGlobal
